{
  "name": "@toolittlecakes/granola-cli",
  "version": "0.2.3",
  "lockfileVersion": 3,
  "requires": true,
  "packages": {
    "": {
      "name": "@toolittlecakes/granola-cli",
      "version": "0.2.3",
      "license": "MIT",
      "bin": {
        "granola-cli": "bin/granola-cli"
      },
      "engines": {
        "node": ">=18"
      }
    }
  }
}
